{
  "name": "For_Research",
  "lockfileVersion": 3,
  "requires": true,
  "packages": {
    "": {
      "dependencies": {
        "catboost": "^1.26.0"
      }
    },
    "node_modules/catboost": {
      "version": "1.26.0",
      "resolved": "https://registry.npmjs.org/catboost/-/catboost-1.26.0.tgz",
      "integrity": "sha512-E1PT358YDRV9gf6ZVv7B65pXBBooJwsFm7aZJqSkN/uRWZarSLHSODquJYFp9FlVYqIQXOes9gCRDvFntHkUwA==",
      "hasInstallScript": true,
      "dependencies": {
        "node-addon-api": "^8.2.2"
      }
    },
    "node_modules/node-addon-api": {
      "version": "8.3.1",
      "resolved": "https://registry.npmjs.org/node-addon-api/-/node-addon-api-8.3.1.tgz",
      "integrity": "sha512-lytcDEdxKjGJPTLEfW4mYMigRezMlyJY8W4wxJK8zE533Jlb8L8dRuObJFWg2P+AuOIxoCgKF+2Oq4d4Zd0OUA==",
      "engines": {
        "node": "^18 || ^20 || >= 21"
      }
    }
  }
}
